
Microsoft Visual Studio Solution File, Format Version 12.00
# Visual Studio Version 16
VisualStudioVersion = 16.0.30413.136
MinimumVisualStudioVersion = 10.0.40219.1
Project("{9A19103F-16F7-4668-BE54-9A1E7A4F7556}") = "UsuarioService", "UsuarioService\UsuarioService.csproj", "{7F16B079-4D11-489F-B638-C31D02416188}"
EndProject
Project("{9A19103F-16F7-4668-BE54-9A1E7A4F7556}") = "APIGateway", "APIGateway\APIGateway.csproj", "{D52AEE21-166F-478A-83F3-4700639CE275}"
EndProject
Project("{9A19103F-16F7-4668-BE54-9A1E7A4F7556}") = "PedidoService", "PedidoService\PedidoService.csproj", "{0DAE9640-4AC7-4B3D-980E-E868EAF95B89}"
EndProject
Project("{FAE04EC0-301F-11D3-BF4B-00C04F79EFBC}") = "CaixaService", "CaixaService\CaixaService.csproj", "{B370E677-1FCB-41C6-9D11-3842D9EC7000}"
EndProject
Global
	GlobalSection(SolutionConfigurationPlatforms) = preSolution
		Debug|Any CPU = Debug|Any CPU
		Release|Any CPU = Release|Any CPU
	EndGlobalSection
	GlobalSection(ProjectConfigurationPlatforms) = postSolution
		{7F16B079-4D11-489F-B638-C31D02416188}.Debug|Any CPU.ActiveCfg = Debug|Any CPU
		{7F16B079-4D11-489F-B638-C31D02416188}.Debug|Any CPU.Build.0 = Debug|Any CPU
		{7F16B079-4D11-489F-B638-C31D02416188}.Release|Any CPU.ActiveCfg = Release|Any CPU
		{7F16B079-4D11-489F-B638-C31D02416188}.Release|Any CPU.Build.0 = Release|Any CPU
		{D52AEE21-166F-478A-83F3-4700639CE275}.Debug|Any CPU.ActiveCfg = Debug|Any CPU
		{D52AEE21-166F-478A-83F3-4700639CE275}.Debug|Any CPU.Build.0 = Debug|Any CPU
		{D52AEE21-166F-478A-83F3-4700639CE275}.Release|Any CPU.ActiveCfg = Release|Any CPU
		{D52AEE21-166F-478A-83F3-4700639CE275}.Release|Any CPU.Build.0 = Release|Any CPU
		{0DAE9640-4AC7-4B3D-980E-E868EAF95B89}.Debug|Any CPU.ActiveCfg = Debug|Any CPU
		{0DAE9640-4AC7-4B3D-980E-E868EAF95B89}.Debug|Any CPU.Build.0 = Debug|Any CPU
		{0DAE9640-4AC7-4B3D-980E-E868EAF95B89}.Release|Any CPU.ActiveCfg = Release|Any CPU
		{0DAE9640-4AC7-4B3D-980E-E868EAF95B89}.Release|Any CPU.Build.0 = Release|Any CPU
		{B370E677-1FCB-41C6-9D11-3842D9EC7000}.Debug|Any CPU.ActiveCfg = Debug|Any CPU
		{B370E677-1FCB-41C6-9D11-3842D9EC7000}.Debug|Any CPU.Build.0 = Debug|Any CPU
		{B370E677-1FCB-41C6-9D11-3842D9EC7000}.Release|Any CPU.ActiveCfg = Release|Any CPU
		{B370E677-1FCB-41C6-9D11-3842D9EC7000}.Release|Any CPU.Build.0 = Release|Any CPU
	EndGlobalSection
	GlobalSection(SolutionProperties) = preSolution
		HideSolutionNode = FALSE
	EndGlobalSection
	GlobalSection(ExtensibilityGlobals) = postSolution
		SolutionGuid = {C93E6DCE-960B-49E4-ABE6-4CC51F2EF091}
	EndGlobalSection
EndGlobal
